
Microsoft Visual Studio Solution File, Format Version 12.00
# Visual Studio Version 16
VisualStudioVersion = 16.0.29806.167
MinimumVisualStudioVersion = 10.0.40219.1
Project("{9A19103F-16F7-4668-BE54-9A1E7A4F7556}") = "ImagesRestApi", "ImagesRestApi\ImagesRestApi.csproj", "{016FE2D6-34DB-41B4-B304-A7D7397EB333}"
EndProject
Project("{FAE04EC0-301F-11D3-BF4B-00C04F79EFBC}") = "ImageRestApi.FunctionalTests", "ImageRestApi.FunctionalTests\ImageRestApi.FunctionalTests.csproj", "{D76B196F-D60B-440C-A1BF-3B4E60E9CFD8}"
EndProject
Project("{FAE04EC0-301F-11D3-BF4B-00C04F79EFBC}") = "ImageRestApi.IntegrationTests", "ImageRestApi.IntegrationTests\ImageRestApi.IntegrationTests.csproj", "{97E560F0-C398-4486-A197-92B6D4640A22}"
EndProject
Project("{FAE04EC0-301F-11D3-BF4B-00C04F79EFBC}") = "ImageRestApi.UnitTests", "ImageRestApi.UnitTests\ImageRestApi.UnitTests.csproj", "{D066E065-F243-4ADA-BE63-1D2BCF6565FD}"
EndProject
Global
	GlobalSection(SolutionConfigurationPlatforms) = preSolution
		Debug|Any CPU = Debug|Any CPU
		Release|Any CPU = Release|Any CPU
	EndGlobalSection
	GlobalSection(ProjectConfigurationPlatforms) = postSolution
		{016FE2D6-34DB-41B4-B304-A7D7397EB333}.Debug|Any CPU.ActiveCfg = Debug|Any CPU
		{016FE2D6-34DB-41B4-B304-A7D7397EB333}.Debug|Any CPU.Build.0 = Debug|Any CPU
		{016FE2D6-34DB-41B4-B304-A7D7397EB333}.Release|Any CPU.ActiveCfg = Release|Any CPU
		{016FE2D6-34DB-41B4-B304-A7D7397EB333}.Release|Any CPU.Build.0 = Release|Any CPU
		{D76B196F-D60B-440C-A1BF-3B4E60E9CFD8}.Debug|Any CPU.ActiveCfg = Debug|Any CPU
		{D76B196F-D60B-440C-A1BF-3B4E60E9CFD8}.Debug|Any CPU.Build.0 = Debug|Any CPU
		{D76B196F-D60B-440C-A1BF-3B4E60E9CFD8}.Release|Any CPU.ActiveCfg = Release|Any CPU
		{D76B196F-D60B-440C-A1BF-3B4E60E9CFD8}.Release|Any CPU.Build.0 = Release|Any CPU
		{97E560F0-C398-4486-A197-92B6D4640A22}.Debug|Any CPU.ActiveCfg = Debug|Any CPU
		{97E560F0-C398-4486-A197-92B6D4640A22}.Debug|Any CPU.Build.0 = Debug|Any CPU
		{97E560F0-C398-4486-A197-92B6D4640A22}.Release|Any CPU.ActiveCfg = Release|Any CPU
		{97E560F0-C398-4486-A197-92B6D4640A22}.Release|Any CPU.Build.0 = Release|Any CPU
		{D066E065-F243-4ADA-BE63-1D2BCF6565FD}.Debug|Any CPU.ActiveCfg = Debug|Any CPU
		{D066E065-F243-4ADA-BE63-1D2BCF6565FD}.Debug|Any CPU.Build.0 = Debug|Any CPU
		{D066E065-F243-4ADA-BE63-1D2BCF6565FD}.Release|Any CPU.ActiveCfg = Release|Any CPU
		{D066E065-F243-4ADA-BE63-1D2BCF6565FD}.Release|Any CPU.Build.0 = Release|Any CPU
	EndGlobalSection
	GlobalSection(SolutionProperties) = preSolution
		HideSolutionNode = FALSE
	EndGlobalSection
	GlobalSection(ExtensibilityGlobals) = postSolution
		SolutionGuid = {BCB22963-268D-4FE0-AC7A-30C3C2934967}
	EndGlobalSection
EndGlobal
